
Microsoft Visual Studio Solution File, Format Version 12.00
Project("{FAE04EC0-301F-11D3-BF4B-00C04F79EFBC}") = "LyteApp", "LyteApp\LyteApp.csproj", "{3FF3C8F4-7CCD-4550-B137-7A83E0134852}"
EndProject
Project("{FAE04EC0-301F-11D3-BF4B-00C04F79EFBC}") = "LyteAppRest", "LyteAppRest\LyteAppRest.csproj", "{2C1E9FAE-A749-48D6-B361-B0E1C43AA003}"
EndProject
Global
	GlobalSection(SolutionConfigurationPlatforms) = preSolution
		Debug|Any CPU = Debug|Any CPU
		Release|Any CPU = Release|Any CPU
	EndGlobalSection
	GlobalSection(ProjectConfigurationPlatforms) = postSolution
		{3FF3C8F4-7CCD-4550-B137-7A83E0134852}.Debug|Any CPU.ActiveCfg = Debug|Any CPU
		{3FF3C8F4-7CCD-4550-B137-7A83E0134852}.Debug|Any CPU.Build.0 = Debug|Any CPU
		{3FF3C8F4-7CCD-4550-B137-7A83E0134852}.Release|Any CPU.ActiveCfg = Release|Any CPU
		{3FF3C8F4-7CCD-4550-B137-7A83E0134852}.Release|Any CPU.Build.0 = Release|Any CPU
		{2C1E9FAE-A749-48D6-B361-B0E1C43AA003}.Debug|Any CPU.ActiveCfg = Debug|Any CPU
		{2C1E9FAE-A749-48D6-B361-B0E1C43AA003}.Debug|Any CPU.Build.0 = Debug|Any CPU
		{2C1E9FAE-A749-48D6-B361-B0E1C43AA003}.Release|Any CPU.ActiveCfg = Release|Any CPU
		{2C1E9FAE-A749-48D6-B361-B0E1C43AA003}.Release|Any CPU.Build.0 = Release|Any CPU
	EndGlobalSection
EndGlobal
